
Microsoft Visual Studio Solution File, Format Version 12.00
# Visual Studio 15
VisualStudioVersion = 15.0.28010.2016
MinimumVisualStudioVersion = 10.0.40219.1
Project("{8BC9CEB8-8B4A-11D0-8D11-00A0C91BC942}") = "bj1316", "bj1316\bj1316.vcxproj", "{971AFBC5-9390-45A0-868E-B9DDF2A6B5BC}"
EndProject
Global
	GlobalSection(SolutionConfigurationPlatforms) = preSolution
		Debug|x64 = Debug|x64
		Debug|x86 = Debug|x86
		Release|x64 = Release|x64
		Release|x86 = Release|x86
	EndGlobalSection
	GlobalSection(ProjectConfigurationPlatforms) = postSolution
		{971AFBC5-9390-45A0-868E-B9DDF2A6B5BC}.Debug|x64.ActiveCfg = Debug|x64
		{971AFBC5-9390-45A0-868E-B9DDF2A6B5BC}.Debug|x64.Build.0 = Debug|x64
		{971AFBC5-9390-45A0-868E-B9DDF2A6B5BC}.Debug|x86.ActiveCfg = Debug|Win32
		{971AFBC5-9390-45A0-868E-B9DDF2A6B5BC}.Debug|x86.Build.0 = Debug|Win32
		{971AFBC5-9390-45A0-868E-B9DDF2A6B5BC}.Release|x64.ActiveCfg = Release|x64
		{971AFBC5-9390-45A0-868E-B9DDF2A6B5BC}.Release|x64.Build.0 = Release|x64
		{971AFBC5-9390-45A0-868E-B9DDF2A6B5BC}.Release|x86.ActiveCfg = Release|Win32
		{971AFBC5-9390-45A0-868E-B9DDF2A6B5BC}.Release|x86.Build.0 = Release|Win32
	EndGlobalSection
	GlobalSection(SolutionProperties) = preSolution
		HideSolutionNode = FALSE
	EndGlobalSection
	GlobalSection(ExtensibilityGlobals) = postSolution
		SolutionGuid = {2B636E14-F263-4C22-9098-9B522E6951D9}
	EndGlobalSection
EndGlobal
